<?xml version="1.0" encoding="utf-8"?>
<Project ToolsVersion="4.0" xmlns="http://schemas.microsoft.com/developer/msbuild/2003">
  <ItemGroup>
    <Filter Include="01%29 device">
      <UniqueIdentifier>{86874d7d-79ee-4915-a1f5-b7eeb61625e2}</UniqueIdentifier>
    </Filter>
    <Filter Include="00%29 base">
      <UniqueIdentifier>{79668629-001b-47c0-ad82-62206bffb8fb}</UniqueIdentifier>
    </Filter>
    <Filter Include="02%29 function">
      <UniqueIdentifier>{4FC737F1-C7A5-4376-A066-2A32D752A2FF}</UniqueIdentifier>
      <Extensions>cpp;c;cc;cxx;def;odl;idl;hpj;bat;asm;asmx</Extensions>
    </Filter>
    <Filter Include="03%29 scene">
      <UniqueIdentifier>{778120bf-f5d4-47d7-9bfb-103f8cd37df5}</UniqueIdentifier>
    </Filter>
    <Filter Include="04%29 Obj">
      <UniqueIdentifier>{31622c8d-70c0-4a06-87f7-80ad450fc1ec}</UniqueIdentifier>
    </Filter>
    <Filter Include="04%29 Obj\a%29 Obj">
      <UniqueIdentifier>{5e0a88bc-b974-47ab-9013-4e8e5e740ac7}</UniqueIdentifier>
    </Filter>
    <Filter Include="04%29 Obj\b%29 UIObj">
      <UniqueIdentifier>{a105aff4-ad3c-4b6b-97df-447dd33358ea}</UniqueIdentifier>
    </Filter>
    <Filter Include="04%29 Obj\c%29 Character">
      <UniqueIdentifier>{110df9b8-d87b-4e0d-af2f-2e3da7121b8c}</UniqueIdentifier>
    </Filter>
    <Filter Include="00%29 base\shader">
      <UniqueIdentifier>{57c310c3-df30-47de-911c-1c33b2f42c11}</UniqueIdentifier>
    </Filter>
    <Filter Include="04%29 Obj\d%29 shot">
      <UniqueIdentifier>{096d56d4-286c-4780-ae41-1ddbf3f91c0d}</UniqueIdentifier>
    </Filter>
  </ItemGroup>
  <ItemGroup>
    <ClInclude Include="12a_BgObjC_DX.h">
      <Filter>04%29 Obj\b%29 UIObj</Filter>
    </ClInclude>
    <ClInclude Include="12b_BtnObjC_1_DX.h">
      <Filter>04%29 Obj\b%29 UIObj</Filter>
    </ClInclude>
    <ClInclude Include="08_Object_DX.h">
      <Filter>04%29 Obj\a%29 Obj</Filter>
    </ClInclude>
    <ClInclude Include="13a_HeroObjC_DX.h">
      <Filter>04%29 Obj\c%29 Character</Filter>
    </ClInclude>
    <ClInclude Include="10_SceneC_DX.h">
      <Filter>03%29 scene</Filter>
    </ClInclude>
    <ClInclude Include="10a_SceneLobby_DX.h">
      <Filter>03%29 scene</Filter>
    </ClInclude>
    <ClInclude Include="10b_SceneOver_DX.h">
      <Filter>03%29 scene</Filter>
    </ClInclude>
    <ClInclude Include="10c_SceneVictory_DX.h">
      <Filter>03%29 scene</Filter>
    </ClInclude>
    <ClInclude Include="10d_SceneGame_1_DX.h">
      <Filter>03%29 scene</Filter>
    </ClInclude>
    <ClInclude Include="11_SceneMgr_DX.h">
      <Filter>03%29 scene</Filter>
    </ClInclude>
    <ClInclude Include="07_soundC_DX.h">
      <Filter>02%29 function</Filter>
    </ClInclude>
    <ClInclude Include="09_CollisionC_DX.h">
      <Filter>02%29 function</Filter>
    </ClInclude>
    <ClInclude Include="04_timerC_DX.h">
      <Filter>02%29 function</Filter>
    </ClInclude>
    <ClInclude Include="05_writeC_DX.h">
      <Filter>02%29 function</Filter>
    </ClInclude>
    <ClInclude Include="06_inputC_DX.h">
      <Filter>02%29 function</Filter>
    </ClInclude>
    <ClInclude Include="02_wndC_DX.h">
      <Filter>01%29 device</Filter>
    </ClInclude>
    <ClInclude Include="01_deviceC_DX.h">
      <Filter>01%29 device</Filter>
    </ClInclude>
    <ClInclude Include="03_coreC_DX.h">
      <Filter>00%29 base</Filter>
    </ClInclude>
    <ClInclude Include="00_header_DX.h">
      <Filter>00%29 base</Filter>
    </ClInclude>
    <ClInclude Include="14a_shot1.h">
      <Filter>04%29 Obj\d%29 shot</Filter>
    </ClInclude>
  </ItemGroup>
  <ItemGroup>
    <ClCompile Include="12a_BgObjC_DX.cpp">
      <Filter>04%29 Obj\b%29 UIObj</Filter>
    </ClCompile>
    <ClCompile Include="12b_BtnObjC_1_DX.cpp">
      <Filter>04%29 Obj\b%29 UIObj</Filter>
    </ClCompile>
    <ClCompile Include="08_Object_DX.cpp">
      <Filter>04%29 Obj\a%29 Obj</Filter>
    </ClCompile>
    <ClCompile Include="13a_HeroObjC_DX.cpp">
      <Filter>04%29 Obj\c%29 Character</Filter>
    </ClCompile>
    <ClCompile Include="11_SceneMgrC_DX.cpp">
      <Filter>03%29 scene</Filter>
    </ClCompile>
    <ClCompile Include="10_SceneC_DX.cpp">
      <Filter>03%29 scene</Filter>
    </ClCompile>
    <ClCompile Include="10a_SceneLobby_DX.cpp">
      <Filter>03%29 scene</Filter>
    </ClCompile>
    <ClCompile Include="10d_SceneGame_1_DX.cpp">
      <Filter>03%29 scene</Filter>
    </ClCompile>
    <ClCompile Include="09_CollisionC_DX.cpp">
      <Filter>02%29 function</Filter>
    </ClCompile>
    <ClCompile Include="05_writeC_DX.cpp">
      <Filter>02%29 function</Filter>
    </ClCompile>
    <ClCompile Include="06_inputC_DX.cpp">
      <Filter>02%29 function</Filter>
    </ClCompile>
    <ClCompile Include="07_soundC_DX.cpp">
      <Filter>02%29 function</Filter>
    </ClCompile>
    <ClCompile Include="04_timerC_DX.cpp">
      <Filter>02%29 function</Filter>
    </ClCompile>
    <ClCompile Include="02_wndC_DX.cpp">
      <Filter>01%29 device</Filter>
    </ClCompile>
    <ClCompile Include="01_deviceC_DX.cpp">
      <Filter>01%29 device</Filter>
    </ClCompile>
    <ClCompile Include="03_coreC_DX.cpp">
      <Filter>00%29 base</Filter>
    </ClCompile>
    <ClCompile Include="00_main_DX.cpp">
      <Filter>00%29 base</Filter>
    </ClCompile>
  </ItemGroup>
  <ItemGroup>
    <Text Include="VertexShader.vsh">
      <Filter>00%29 base\shader</Filter>
    </Text>
    <Text Include="PixelShader.psh">
      <Filter>00%29 base\shader</Filter>
    </Text>
  </ItemGroup>
</Project>